// !$*UTF8*$!
{
	archiveVersion = 1;
	classes = {
	};
	objectVersion = 46;
	objects = {

/* Begin PBXBuildFile section */
		841712CC2091E46A00B02D54 /* rtap_osc6.c in Sources */ = {isa = PBXBuildFile; fileRef = 841712CB2091E46A00B02D54 /* rtap_osc6.c */; };
		844237661FB4A69E005ACA50 /* m_pd.h in Headers */ = {isa = PBXBuildFile; fileRef = 844237651FB4A69D005ACA50 /* m_pd.h */; };
		E46AFD0C249212A700EEDF61 /* vas_mem.c in Sources */ = {isa = PBXBuildFile; fileRef = E46AFD0B249212A700EEDF61 /* vas_mem.c */; };
		E46AFD11249212AD00EEDF61 /* vas_mem.h in Headers */ = {isa = PBXBuildFile; fileRef = E46AFD0E249212AD00EEDF61 /* vas_mem.h */; };
		E46AFD12249212AD00EEDF61 /* vas_util.h in Headers */ = {isa = PBXBuildFile; fileRef = E46AFD0F249212AD00EEDF61 /* vas_util.h */; };
		E4B4F706249A6DD00065E4A4 /* vas_osc.c in Sources */ = {isa = PBXBuildFile; fileRef = E4B4F704249A6DD00065E4A4 /* vas_osc.c */; };
		E4B4F707249A6DD00065E4A4 /* vas_osc.h in Headers */ = {isa = PBXBuildFile; fileRef = E4B4F705249A6DD00065E4A4 /* vas_osc.h */; };
/* End PBXBuildFile section */

/* Begin PBXFileReference section */
		841712CB2091E46A00B02D54 /* rtap_osc6.c */ = {isa = PBXFileReference; fileEncoding = 4; lastKnownFileType = sourcecode.c.c; path = rtap_osc6.c; sourceTree = "<group>"; };
		844237651FB4A69D005ACA50 /* m_pd.h */ = {isa = PBXFileReference; fileEncoding = 4; lastKnownFileType = sourcecode.c.h; path = m_pd.h; sourceTree = "<group>"; };
		E46AFD0B249212A700EEDF61 /* vas_mem.c */ = {isa = PBXFileReference; fileEncoding = 4; lastKnownFileType = sourcecode.c.c; path = vas_mem.c; sourceTree = "<group>"; };
		E46AFD0E249212AD00EEDF61 /* vas_mem.h */ = {isa = PBXFileReference; fileEncoding = 4; lastKnownFileType = sourcecode.c.h; path = vas_mem.h; sourceTree = "<group>"; };
		E46AFD0F249212AD00EEDF61 /* vas_util.h */ = {isa = PBXFileReference; fileEncoding = 4; lastKnownFileType = sourcecode.c.h; path = vas_util.h; sourceTree = "<group>"; };
		E4B4F704249A6DD00065E4A4 /* vas_osc.c */ = {isa = PBXFileReference; fileEncoding = 4; lastKnownFileType = sourcecode.c.c; path = vas_osc.c; sourceTree = "<group>"; };
		E4B4F705249A6DD00065E4A4 /* vas_osc.h */ = {isa = PBXFileReference; fileEncoding = 4; lastKnownFileType = sourcecode.c.h; path = vas_osc.h; sourceTree = "<group>"; };
		FA2927EC1A899B4C005A2BA9 /* rtap_osc6~.pd_darwin */ = {isa = PBXFileReference; explicitFileType = "compiled.mach-o.dylib"; includeInIndex = 0; path = "rtap_osc6~.pd_darwin"; sourceTree = BUILT_PRODUCTS_DIR; };
/* End PBXFileReference section */

/* Begin PBXFrameworksBuildPhase section */
		FA2927E91A899B4C005A2BA9 /* Frameworks */ = {
			isa = PBXFrameworksBuildPhase;
			buildActionMask = 2147483647;
			files = (
			);
			runOnlyForDeploymentPostprocessing = 0;
		};
/* End PBXFrameworksBuildPhase section */

/* Begin PBXGroup section */
		844237731FB4A6E1005ACA50 /* Frameworks */ = {
			isa = PBXGroup;
			children = (
			);
			name = Frameworks;
			sourceTree = "<group>";
		};
		FA2927E31A899B4C005A2BA9 = {
			isa = PBXGroup;
			children = (
				E4B4F704249A6DD00065E4A4 /* vas_osc.c */,
				E4B4F705249A6DD00065E4A4 /* vas_osc.h */,
				841712CB2091E46A00B02D54 /* rtap_osc6.c */,
				E46AFD0B249212A700EEDF61 /* vas_mem.c */,
				E46AFD0E249212AD00EEDF61 /* vas_mem.h */,
				E46AFD0F249212AD00EEDF61 /* vas_util.h */,
				844237651FB4A69D005ACA50 /* m_pd.h */,
				FA2927ED1A899B4C005A2BA9 /* Products */,
				844237731FB4A6E1005ACA50 /* Frameworks */,
			);
			sourceTree = "<group>";
		};
		FA2927ED1A899B4C005A2BA9 /* Products */ = {
			isa = PBXGroup;
			children = (
				FA2927EC1A899B4C005A2BA9 /* rtap_osc6~.pd_darwin */,
			);
			name = Products;
			sourceTree = "<group>";
		};
/* End PBXGroup section */

/* Begin PBXHeadersBuildPhase section */
		FA2927EA1A899B4C005A2BA9 /* Headers */ = {
			isa = PBXHeadersBuildPhase;
			buildActionMask = 2147483647;
			files = (
				844237661FB4A69E005ACA50 /* m_pd.h in Headers */,
				E4B4F707249A6DD00065E4A4 /* vas_osc.h in Headers */,
				E46AFD12249212AD00EEDF61 /* vas_util.h in Headers */,
				E46AFD11249212AD00EEDF61 /* vas_mem.h in Headers */,
			);
			runOnlyForDeploymentPostprocessing = 0;
		};
/* End PBXHeadersBuildPhase section */

/* Begin PBXNativeTarget section */
		FA2927EB1A899B4C005A2BA9 /* rtap_osc6 */ = {
			isa = PBXNativeTarget;
			buildConfigurationList = FA2927F01A899B4C005A2BA9 /* Build configuration list for PBXNativeTarget "rtap_osc6" */;
			buildPhases = (
				FA2927E81A899B4C005A2BA9 /* Sources */,
				FA2927E91A899B4C005A2BA9 /* Frameworks */,
				FA2927EA1A899B4C005A2BA9 /* Headers */,
			);
			buildRules = (
			);
			dependencies = (
			);
			name = rtap_osc6;
			productName = "HelloWorld-pd-external";
			productReference = FA2927EC1A899B4C005A2BA9 /* rtap_osc6~.pd_darwin */;
			productType = "com.apple.product-type.library.dynamic";
		};
/* End PBXNativeTarget section */

/* Begin PBXProject section */
		FA2927E41A899B4C005A2BA9 /* Project object */ = {
			isa = PBXProject;
			attributes = {
				LastUpgradeCheck = 0610;
				ORGANIZATIONNAME = "Intrinsic Audio";
				TargetAttributes = {
					FA2927EB1A899B4C005A2BA9 = {
						CreatedOnToolsVersion = 6.1.1;
					};
				};
			};
			buildConfigurationList = FA2927E71A899B4C005A2BA9 /* Build configuration list for PBXProject "rtap_osc6" */;
			compatibilityVersion = "Xcode 3.2";
			developmentRegion = English;
			hasScannedForEncodings = 0;
			knownRegions = (
				English,
				en,
			);
			mainGroup = FA2927E31A899B4C005A2BA9;
			productRefGroup = FA2927ED1A899B4C005A2BA9 /* Products */;
			projectDirPath = "";
			projectRoot = "";
			targets = (
				FA2927EB1A899B4C005A2BA9 /* rtap_osc6 */,
			);
		};
/* End PBXProject section */

/* Begin PBXSourcesBuildPhase section */
		FA2927E81A899B4C005A2BA9 /* Sources */ = {
			isa = PBXSourcesBuildPhase;
			buildActionMask = 2147483647;
			files = (
				841712CC2091E46A00B02D54 /* rtap_osc6.c in Sources */,
				E46AFD0C249212A700EEDF61 /* vas_mem.c in Sources */,
				E4B4F706249A6DD00065E4A4 /* vas_osc.c in Sources */,
			);
			runOnlyForDeploymentPostprocessing = 0;
		};
/* End PBXSourcesBuildPhase section */

/* Begin XCBuildConfiguration section */
		FA2927EE1A899B4C005A2BA9 /* Debug */ = {
			isa = XCBuildConfiguration;
			buildSettings = {
				ALWAYS_SEARCH_USER_PATHS = NO;
				CLANG_CXX_LANGUAGE_STANDARD = "gnu++0x";
				CLANG_CXX_LIBRARY = "libc++";
				CLANG_ENABLE_MODULES = YES;
				CLANG_ENABLE_OBJC_ARC = YES;
				CLANG_WARN_BOOL_CONVERSION = YES;
				CLANG_WARN_CONSTANT_CONVERSION = YES;
				CLANG_WARN_DIRECT_OBJC_ISA_USAGE = YES_ERROR;
				CLANG_WARN_EMPTY_BODY = YES;
				CLANG_WARN_ENUM_CONVERSION = YES;
				CLANG_WARN_INT_CONVERSION = YES;
				CLANG_WARN_OBJC_ROOT_CLASS = YES_ERROR;
				CLANG_WARN_UNREACHABLE_CODE = YES;
				CLANG_WARN__DUPLICATE_METHOD_MATCH = YES;
				COPY_PHASE_STRIP = NO;
				DEPLOYMENT_LOCATION = YES;
				DSTROOT = "";
				ENABLE_STRICT_OBJC_MSGSEND = YES;
				GCC_C_LANGUAGE_STANDARD = gnu99;
				GCC_DYNAMIC_NO_PIC = NO;
				GCC_OPTIMIZATION_LEVEL = 0;
				GCC_PREPROCESSOR_DEFINITIONS = (
					"DEBUG=1",
					"$(inherited)",
				);
				GCC_SYMBOLS_PRIVATE_EXTERN = NO;
				GCC_WARN_64_TO_32_BIT_CONVERSION = YES;
				GCC_WARN_ABOUT_RETURN_TYPE = YES_ERROR;
				GCC_WARN_UNDECLARED_SELECTOR = YES;
				GCC_WARN_UNINITIALIZED_AUTOS = YES_AGGRESSIVE;
				GCC_WARN_UNUSED_FUNCTION = YES;
				GCC_WARN_UNUSED_VARIABLE = YES;
				INSTALL_PATH = "/Applications/Pd-0.49-1.app/Contents/Resources/extra ";
				MACOSX_DEPLOYMENT_TARGET = 10.10;
				MTL_ENABLE_DEBUG_INFO = YES;
				ONLY_ACTIVE_ARCH = YES;
				SDKROOT = macosx;
			};
			name = Debug;
		};
		FA2927EF1A899B4C005A2BA9 /* Release */ = {
			isa = XCBuildConfiguration;
			buildSettings = {
				ALWAYS_SEARCH_USER_PATHS = NO;
				CLANG_CXX_LANGUAGE_STANDARD = "gnu++0x";
				CLANG_CXX_LIBRARY = "libc++";
				CLANG_ENABLE_MODULES = YES;
				CLANG_ENABLE_OBJC_ARC = YES;
				CLANG_WARN_BOOL_CONVERSION = YES;
				CLANG_WARN_CONSTANT_CONVERSION = YES;
				CLANG_WARN_DIRECT_OBJC_ISA_USAGE = YES_ERROR;
				CLANG_WARN_EMPTY_BODY = YES;
				CLANG_WARN_ENUM_CONVERSION = YES;
				CLANG_WARN_INT_CONVERSION = YES;
				CLANG_WARN_OBJC_ROOT_CLASS = YES_ERROR;
				CLANG_WARN_UNREACHABLE_CODE = YES;
				CLANG_WARN__DUPLICATE_METHOD_MATCH = YES;
				COPY_PHASE_STRIP = YES;
				DEBUG_INFORMATION_FORMAT = "dwarf-with-dsym";
				DEPLOYMENT_LOCATION = YES;
				DSTROOT = "";
				ENABLE_NS_ASSERTIONS = NO;
				ENABLE_STRICT_OBJC_MSGSEND = YES;
				GCC_C_LANGUAGE_STANDARD = gnu99;
				GCC_WARN_64_TO_32_BIT_CONVERSION = YES;
				GCC_WARN_ABOUT_RETURN_TYPE = YES_ERROR;
				GCC_WARN_UNDECLARED_SELECTOR = YES;
				GCC_WARN_UNINITIALIZED_AUTOS = YES_AGGRESSIVE;
				GCC_WARN_UNUSED_FUNCTION = YES;
				GCC_WARN_UNUSED_VARIABLE = YES;
				INSTALL_PATH = "/Applications/Pd-0.49-1.app/Contents/Resources/extra ";
				MACOSX_DEPLOYMENT_TARGET = 10.10;
				MTL_ENABLE_DEBUG_INFO = NO;
				SDKROOT = macosx;
			};
			name = Release;
		};
		FA2927F11A899B4C005A2BA9 /* Debug */ = {
			isa = XCBuildConfiguration;
			buildSettings = {
				ARCHS = "$(ARCHS_STANDARD_64_BIT)";
				CLANG_OPTIMIZATION_PROFILE_FILE = "";
				DSTROOT = /;
				DYLIB_COMPATIBILITY_VERSION = 1;
				DYLIB_CURRENT_VERSION = 1;
				EXECUTABLE_EXTENSION = pd_darwin;
				EXECUTABLE_PREFIX = "";
				GCC_OPTIMIZATION_LEVEL = 0;
				GCC_PREPROCESSOR_DEFINITIONS = (
					PUREDATA,
					VAS_OUTPUTVECTOR_USE_FLOAT,
					VAS_INPUTVECTOR_USE_FLOAT,
				);
				INSTALL_PATH = /Users/harveykeitel/Documents/Pd/externals;
				LIBRARY_SEARCH_PATHS = "";
				ONLY_ACTIVE_ARCH = NO;
				OTHER_LDFLAGS = (
					"-undefined",
					dynamic_lookup,
				);
				PRODUCT_NAME = "rtap_osc6~";
				SDKROOT = macosx;
				USER_HEADER_SEARCH_PATHS = "";
				VALID_ARCHS = "i386 x86_64";
			};
			name = Debug;
		};
		FA2927F21A899B4C005A2BA9 /* Release */ = {
			isa = XCBuildConfiguration;
			buildSettings = {
				ARCHS = "$(ARCHS_STANDARD_64_BIT)";
				CLANG_OPTIMIZATION_PROFILE_FILE = "";
				DSTROOT = /;
				DYLIB_COMPATIBILITY_VERSION = 1;
				DYLIB_CURRENT_VERSION = 1;
				EXECUTABLE_EXTENSION = pd_darwin;
				EXECUTABLE_PREFIX = "";
				GCC_OPTIMIZATION_LEVEL = fast;
				GCC_PREPROCESSOR_DEFINITIONS = (
					PUREDATA,
					VAS_OUTPUTVECTOR_USE_FLOAT,
					VAS_INPUTVECTOR_USE_FLOAT,
				);
				INSTALL_PATH = /Users/harveykeitel/Documents/Pd/externals;
				LIBRARY_SEARCH_PATHS = "";
				ONLY_ACTIVE_ARCH = NO;
				OTHER_LDFLAGS = (
					"-undefined",
					dynamic_lookup,
				);
				PRODUCT_NAME = "rtap_osc6~";
				SDKROOT = macosx;
				USER_HEADER_SEARCH_PATHS = "";
				VALID_ARCHS = "i386 x86_64";
			};
			name = Release;
		};
/* End XCBuildConfiguration section */

/* Begin XCConfigurationList section */
		FA2927E71A899B4C005A2BA9 /* Build configuration list for PBXProject "rtap_osc6" */ = {
			isa = XCConfigurationList;
			buildConfigurations = (
				FA2927EE1A899B4C005A2BA9 /* Debug */,
				FA2927EF1A899B4C005A2BA9 /* Release */,
			);
			defaultConfigurationIsVisible = 0;
			defaultConfigurationName = Release;
		};
		FA2927F01A899B4C005A2BA9 /* Build configuration list for PBXNativeTarget "rtap_osc6" */ = {
			isa = XCConfigurationList;
			buildConfigurations = (
				FA2927F11A899B4C005A2BA9 /* Debug */,
				FA2927F21A899B4C005A2BA9 /* Release */,
			);
			defaultConfigurationIsVisible = 0;
			defaultConfigurationName = Release;
		};
/* End XCConfigurationList section */
	};
	rootObject = FA2927E41A899B4C005A2BA9 /* Project object */;
}
